
Microsoft Visual Studio Solution File, Format Version 12.00
# Visual Studio Version 16
VisualStudioVersion = 16.0.33214.272
MinimumVisualStudioVersion = 10.0.40219.1
Project("{FAE04EC0-301F-11D3-BF4B-00C04F79EFBC}") = "Hudl_TestAutomation", "Hudl_TestAutomation\Hudl_TestAutomation.csproj", "{7870CA73-976B-4F34-BDF3-5E99C9379150}"
EndProject
Global
	GlobalSection(SolutionConfigurationPlatforms) = preSolution
		Debug|Any CPU = Debug|Any CPU
		Release|Any CPU = Release|Any CPU
	EndGlobalSection
	GlobalSection(ProjectConfigurationPlatforms) = postSolution
		{7870CA73-976B-4F34-BDF3-5E99C9379150}.Debug|Any CPU.ActiveCfg = Debug|Any CPU
		{7870CA73-976B-4F34-BDF3-5E99C9379150}.Debug|Any CPU.Build.0 = Debug|Any CPU
		{7870CA73-976B-4F34-BDF3-5E99C9379150}.Release|Any CPU.ActiveCfg = Release|Any CPU
		{7870CA73-976B-4F34-BDF3-5E99C9379150}.Release|Any CPU.Build.0 = Release|Any CPU
	EndGlobalSection
	GlobalSection(SolutionProperties) = preSolution
		HideSolutionNode = FALSE
	EndGlobalSection
	GlobalSection(ExtensibilityGlobals) = postSolution
		SolutionGuid = {EFC97730-EA7E-4953-8E1E-F04D671E17AB}
	EndGlobalSection
EndGlobal
